
Microsoft Visual Studio Solution File, Format Version 12.00
# Visual Studio 14
VisualStudioVersion = 14.0.24720.0
MinimumVisualStudioVersion = 10.0.40219.1
Project("{2150E333-8FDC-42A3-9474-1A3956D46DE8}") = "HomeControl", "HomeControl", "{8A1D8AF3-3B13-4C11-B784-C000BA31243E}"
EndProject
Project("{FAE04EC0-301F-11D3-BF4B-00C04F79EFBC}") = "Thepagedot.Rhome.Base", "HomeControl\Thepagedot.Rhome.Base\Thepagedot.Rhome.Base.csproj", "{FEF4C43A-4D06-477E-BE6F-8709EA321397}"
EndProject
Project("{FAE04EC0-301F-11D3-BF4B-00C04F79EFBC}") = "Thepagedot.Rhome.HomeMatic", "HomeControl\Thepagedot.Rhome.HomeMatic\Thepagedot.Rhome.HomeMatic.csproj", "{EF0E99DF-41E4-4CB3-A6DB-B8D911E6A3BB}"
EndProject
Project("{FAE04EC0-301F-11D3-BF4B-00C04F79EFBC}") = "Thepagedot.Rhome.Hue", "HomeControl\Thepagedot.Rhome.Hue\Thepagedot.Rhome.Hue.csproj", "{A25134AB-4BCA-41DA-835B-D9F834F4B5AE}"
EndProject
Global
	GlobalSection(SolutionConfigurationPlatforms) = preSolution
		Debug|Any CPU = Debug|Any CPU
		Debug|ARM = Debug|ARM
		Debug|x64 = Debug|x64
		Debug|x86 = Debug|x86
		Release|Any CPU = Release|Any CPU
		Release|ARM = Release|ARM
		Release|x64 = Release|x64
		Release|x86 = Release|x86
	EndGlobalSection
	GlobalSection(ProjectConfigurationPlatforms) = postSolution
		{FEF4C43A-4D06-477E-BE6F-8709EA321397}.Debug|Any CPU.ActiveCfg = Debug|Any CPU
		{FEF4C43A-4D06-477E-BE6F-8709EA321397}.Debug|Any CPU.Build.0 = Debug|Any CPU
		{FEF4C43A-4D06-477E-BE6F-8709EA321397}.Debug|ARM.ActiveCfg = Debug|Any CPU
		{FEF4C43A-4D06-477E-BE6F-8709EA321397}.Debug|x64.ActiveCfg = Debug|Any CPU
		{FEF4C43A-4D06-477E-BE6F-8709EA321397}.Debug|x86.ActiveCfg = Debug|Any CPU
		{FEF4C43A-4D06-477E-BE6F-8709EA321397}.Release|Any CPU.ActiveCfg = Release|Any CPU
		{FEF4C43A-4D06-477E-BE6F-8709EA321397}.Release|Any CPU.Build.0 = Release|Any CPU
		{FEF4C43A-4D06-477E-BE6F-8709EA321397}.Release|ARM.ActiveCfg = Release|Any CPU
		{FEF4C43A-4D06-477E-BE6F-8709EA321397}.Release|x64.ActiveCfg = Release|Any CPU
		{FEF4C43A-4D06-477E-BE6F-8709EA321397}.Release|x86.ActiveCfg = Release|Any CPU
		{EF0E99DF-41E4-4CB3-A6DB-B8D911E6A3BB}.Debug|Any CPU.ActiveCfg = Debug|Any CPU
		{EF0E99DF-41E4-4CB3-A6DB-B8D911E6A3BB}.Debug|Any CPU.Build.0 = Debug|Any CPU
		{EF0E99DF-41E4-4CB3-A6DB-B8D911E6A3BB}.Debug|ARM.ActiveCfg = Debug|Any CPU
		{EF0E99DF-41E4-4CB3-A6DB-B8D911E6A3BB}.Debug|x64.ActiveCfg = Debug|Any CPU
		{EF0E99DF-41E4-4CB3-A6DB-B8D911E6A3BB}.Debug|x86.ActiveCfg = Debug|Any CPU
		{EF0E99DF-41E4-4CB3-A6DB-B8D911E6A3BB}.Release|Any CPU.ActiveCfg = Release|Any CPU
		{EF0E99DF-41E4-4CB3-A6DB-B8D911E6A3BB}.Release|Any CPU.Build.0 = Release|Any CPU
		{EF0E99DF-41E4-4CB3-A6DB-B8D911E6A3BB}.Release|ARM.ActiveCfg = Release|Any CPU
		{EF0E99DF-41E4-4CB3-A6DB-B8D911E6A3BB}.Release|x64.ActiveCfg = Release|Any CPU
		{EF0E99DF-41E4-4CB3-A6DB-B8D911E6A3BB}.Release|x86.ActiveCfg = Release|Any CPU
		{A25134AB-4BCA-41DA-835B-D9F834F4B5AE}.Debug|Any CPU.ActiveCfg = Debug|Any CPU
		{A25134AB-4BCA-41DA-835B-D9F834F4B5AE}.Debug|Any CPU.Build.0 = Debug|Any CPU
		{A25134AB-4BCA-41DA-835B-D9F834F4B5AE}.Debug|ARM.ActiveCfg = Debug|Any CPU
		{A25134AB-4BCA-41DA-835B-D9F834F4B5AE}.Debug|ARM.Build.0 = Debug|Any CPU
		{A25134AB-4BCA-41DA-835B-D9F834F4B5AE}.Debug|x64.ActiveCfg = Debug|Any CPU
		{A25134AB-4BCA-41DA-835B-D9F834F4B5AE}.Debug|x64.Build.0 = Debug|Any CPU
		{A25134AB-4BCA-41DA-835B-D9F834F4B5AE}.Debug|x86.ActiveCfg = Debug|Any CPU
		{A25134AB-4BCA-41DA-835B-D9F834F4B5AE}.Debug|x86.Build.0 = Debug|Any CPU
		{A25134AB-4BCA-41DA-835B-D9F834F4B5AE}.Release|Any CPU.ActiveCfg = Release|Any CPU
		{A25134AB-4BCA-41DA-835B-D9F834F4B5AE}.Release|Any CPU.Build.0 = Release|Any CPU
		{A25134AB-4BCA-41DA-835B-D9F834F4B5AE}.Release|ARM.ActiveCfg = Release|Any CPU
		{A25134AB-4BCA-41DA-835B-D9F834F4B5AE}.Release|ARM.Build.0 = Release|Any CPU
		{A25134AB-4BCA-41DA-835B-D9F834F4B5AE}.Release|x64.ActiveCfg = Release|Any CPU
		{A25134AB-4BCA-41DA-835B-D9F834F4B5AE}.Release|x64.Build.0 = Release|Any CPU
		{A25134AB-4BCA-41DA-835B-D9F834F4B5AE}.Release|x86.ActiveCfg = Release|Any CPU
		{A25134AB-4BCA-41DA-835B-D9F834F4B5AE}.Release|x86.Build.0 = Release|Any CPU
	EndGlobalSection
	GlobalSection(SolutionProperties) = preSolution
		HideSolutionNode = FALSE
	EndGlobalSection
	GlobalSection(NestedProjects) = preSolution
		{FEF4C43A-4D06-477E-BE6F-8709EA321397} = {8A1D8AF3-3B13-4C11-B784-C000BA31243E}
		{EF0E99DF-41E4-4CB3-A6DB-B8D911E6A3BB} = {8A1D8AF3-3B13-4C11-B784-C000BA31243E}
		{A25134AB-4BCA-41DA-835B-D9F834F4B5AE} = {8A1D8AF3-3B13-4C11-B784-C000BA31243E}
	EndGlobalSection
EndGlobal
